
Microsoft Visual Studio Solution File, Format Version 12.00
# Visual Studio Version 17
VisualStudioVersion = 17.11.35327.3
MinimumVisualStudioVersion = 10.0.40219.1
Project("{FAE04EC0-301F-11D3-BF4B-00C04F79EFBC}") = "Poprawa", "Poprawa\Poprawa.csproj", "{91F38664-9121-4BB5-9988-F145B16715D7}"
EndProject
Project("{FAE04EC0-301F-11D3-BF4B-00C04F79EFBC}") = "2", "2\2.csproj", "{5C2FC620-077D-4886-A7BA-FEFDA4B4F0E5}"
EndProject
Project("{FAE04EC0-301F-11D3-BF4B-00C04F79EFBC}") = "3", "3\3.csproj", "{3DCF80D9-3D8A-43CA-81FE-5C05D91AB9DB}"
EndProject
Global
	GlobalSection(SolutionConfigurationPlatforms) = preSolution
		Debug|Any CPU = Debug|Any CPU
		Release|Any CPU = Release|Any CPU
	EndGlobalSection
	GlobalSection(ProjectConfigurationPlatforms) = postSolution
		{91F38664-9121-4BB5-9988-F145B16715D7}.Debug|Any CPU.ActiveCfg = Debug|Any CPU
		{91F38664-9121-4BB5-9988-F145B16715D7}.Debug|Any CPU.Build.0 = Debug|Any CPU
		{91F38664-9121-4BB5-9988-F145B16715D7}.Release|Any CPU.ActiveCfg = Release|Any CPU
		{91F38664-9121-4BB5-9988-F145B16715D7}.Release|Any CPU.Build.0 = Release|Any CPU
		{5C2FC620-077D-4886-A7BA-FEFDA4B4F0E5}.Debug|Any CPU.ActiveCfg = Debug|Any CPU
		{5C2FC620-077D-4886-A7BA-FEFDA4B4F0E5}.Debug|Any CPU.Build.0 = Debug|Any CPU
		{5C2FC620-077D-4886-A7BA-FEFDA4B4F0E5}.Release|Any CPU.ActiveCfg = Release|Any CPU
		{5C2FC620-077D-4886-A7BA-FEFDA4B4F0E5}.Release|Any CPU.Build.0 = Release|Any CPU
		{3DCF80D9-3D8A-43CA-81FE-5C05D91AB9DB}.Debug|Any CPU.ActiveCfg = Debug|Any CPU
		{3DCF80D9-3D8A-43CA-81FE-5C05D91AB9DB}.Debug|Any CPU.Build.0 = Debug|Any CPU
		{3DCF80D9-3D8A-43CA-81FE-5C05D91AB9DB}.Release|Any CPU.ActiveCfg = Release|Any CPU
		{3DCF80D9-3D8A-43CA-81FE-5C05D91AB9DB}.Release|Any CPU.Build.0 = Release|Any CPU
	EndGlobalSection
	GlobalSection(SolutionProperties) = preSolution
		HideSolutionNode = FALSE
	EndGlobalSection
	GlobalSection(ExtensibilityGlobals) = postSolution
		SolutionGuid = {2CF92003-35FE-4366-83AB-71616D2837FF}
	EndGlobalSection
EndGlobal
