
Microsoft Visual Studio Solution File, Format Version 12.00
# Visual Studio Version 17
VisualStudioVersion = 17.11.35327.3
MinimumVisualStudioVersion = 10.0.40219.1
Project("{FAE04EC0-301F-11D3-BF4B-00C04F79EFBC}") = "Przywitanie", "Przywitanie\Przywitanie.csproj", "{FC9B3C94-7230-411A-AE77-53846D92482E}"
EndProject
Project("{FAE04EC0-301F-11D3-BF4B-00C04F79EFBC}") = "2.1", "2.1\2.1.csproj", "{8D13E7AA-3BA1-4A8D-863D-51BEFCE53CA9}"
EndProject
Project("{FAE04EC0-301F-11D3-BF4B-00C04F79EFBC}") = "2.2", "2.3\2.2.csproj", "{BCB3CE21-F167-4CE3-9C9B-3E6BA787F66F}"
EndProject
Project("{FAE04EC0-301F-11D3-BF4B-00C04F79EFBC}") = "2.3 Zad", "2.3 Zad\2.3 Zad.csproj", "{5BAC9A1B-6144-4919-B77D-BE106F1CB4D9}"
EndProject
Project("{FAE04EC0-301F-11D3-BF4B-00C04F79EFBC}") = "2.4-2.9", "2.4-2.9\2.4-2.9.csproj", "{DEBA744B-9269-4250-8971-753092272C6D}"
EndProject
Project("{FAE04EC0-301F-11D3-BF4B-00C04F79EFBC}") = "2.10", "2.10\2.10.csproj", "{2C9F717E-2879-41E5-A997-4F53D33D5341}"
EndProject
Project("{FAE04EC0-301F-11D3-BF4B-00C04F79EFBC}") = "3", "3\3.csproj", "{5A6BD4B7-524F-4D56-943C-1C596AD74787}"
EndProject
Project("{FAE04EC0-301F-11D3-BF4B-00C04F79EFBC}") = "3.a", "3.a.\3.a.csproj", "{4A25B3C5-73FC-4D53-A849-5BC1061A1D8C}"
EndProject
Project("{FAE04EC0-301F-11D3-BF4B-00C04F79EFBC}") = "3.1", "3.1\3.1.csproj", "{EA56073C-F481-4706-91F5-496F4CCED575}"
EndProject
Project("{FAE04EC0-301F-11D3-BF4B-00C04F79EFBC}") = "3.2", "3.2\3.2.csproj", "{BF46F384-27F7-4D5E-8721-B968726837F3}"
EndProject
Project("{FAE04EC0-301F-11D3-BF4B-00C04F79EFBC}") = "3.3", "3.3\3.3.csproj", "{757B0931-FC6F-46A9-86DB-3D82E9B50DB6}"
EndProject
Project("{FAE04EC0-301F-11D3-BF4B-00C04F79EFBC}") = "3.4", "2.4\3.4.csproj", "{DF1E71D1-0809-4701-B3EC-4EF7BADA250A}"
EndProject
Project("{FAE04EC0-301F-11D3-BF4B-00C04F79EFBC}") = "3.5", "3.5\3.5.csproj", "{A86E59C1-3721-4446-AEBA-F3F805787D8A}"
EndProject
Project("{FAE04EC0-301F-11D3-BF4B-00C04F79EFBC}") = "3.6", "3.6\3.6.csproj", "{1B4A226F-DDF4-4A63-913A-3240070AA2F5}"
EndProject
Project("{FAE04EC0-301F-11D3-BF4B-00C04F79EFBC}") = "3.8", "3.8\3.8.csproj", "{0547C920-A120-458E-B43F-5F85D17F6926}"
EndProject
Project("{FAE04EC0-301F-11D3-BF4B-00C04F79EFBC}") = "3.9", "3.9\3.9.csproj", "{98AB2E02-0615-4EC5-870F-51384029933E}"
EndProject
Project("{FAE04EC0-301F-11D3-BF4B-00C04F79EFBC}") = "3.10", "3.10\3.10.csproj", "{9C79E577-AB19-4804-AAF9-36C50A1BBE66}"
EndProject
Project("{FAE04EC0-301F-11D3-BF4B-00C04F79EFBC}") = "3.11", "3.11\3.11.csproj", "{54878EA8-6ECB-47EB-AD14-06E3213BDDE7}"
EndProject
Project("{FAE04EC0-301F-11D3-BF4B-00C04F79EFBC}") = "3.12", "3.12\3.12.csproj", "{0B5573CD-8A19-4938-B442-FFAB25280BBC}"
EndProject
Project("{FAE04EC0-301F-11D3-BF4B-00C04F79EFBC}") = "3.13", "3.14\3.13.csproj", "{A5817FB5-2BC4-40D5-9943-77EBCA28BC42}"
EndProject
Project("{FAE04EC0-301F-11D3-BF4B-00C04F79EFBC}") = "3.14 zad", "3.14 zad\3.14 zad.csproj", "{5650A98A-7DF3-4E62-9AB3-6FD0029932F2}"
EndProject
Project("{FAE04EC0-301F-11D3-BF4B-00C04F79EFBC}") = "3.15", "3.15\3.15.csproj", "{050788C4-8F50-44BC-A84F-AA2FEA3C4C10}"
EndProject
Project("{FAE04EC0-301F-11D3-BF4B-00C04F79EFBC}") = "3.15 zad", "3.15 zad\3.15 zad.csproj", "{0877471D-E383-431B-9487-6785C1A07307}"
EndProject
Project("{FAE04EC0-301F-11D3-BF4B-00C04F79EFBC}") = "4", "4\4.csproj", "{16F5007C-7A6C-4724-96BD-37E4C870F8D3}"
EndProject
Project("{FAE04EC0-301F-11D3-BF4B-00C04F79EFBC}") = "4.1", "4.1\4.1.csproj", "{84FE7F3D-C8EC-48C4-A05A-36D93294D255}"
EndProject
Project("{FAE04EC0-301F-11D3-BF4B-00C04F79EFBC}") = "4.2", "4.2\4.2.csproj", "{477A1533-C963-4AC7-A52A-CC7BA1DF9F35}"
EndProject
Project("{FAE04EC0-301F-11D3-BF4B-00C04F79EFBC}") = "4.3", "4.3\4.3.csproj", "{D9D948CF-2117-4C27-B9A5-E09A842F7A3A}"
EndProject
Project("{FAE04EC0-301F-11D3-BF4B-00C04F79EFBC}") = "4.4", "4.4\4.4.csproj", "{39D8DC83-83EB-43C7-8D2F-74D4F8C8781D}"
EndProject
Project("{FAE04EC0-301F-11D3-BF4B-00C04F79EFBC}") = "4.5", "4.5\4.5.csproj", "{6E24E767-B47B-4970-A536-CC8A55E75B8A}"
EndProject
Project("{FAE04EC0-301F-11D3-BF4B-00C04F79EFBC}") = "4.6", "4.6\4.6.csproj", "{14C71012-3C83-465F-B87F-C0AF44ACEF45}"
EndProject
Project("{FAE04EC0-301F-11D3-BF4B-00C04F79EFBC}") = "4.7", "4.7\4.7.csproj", "{23EAB38C-2893-43B2-B08E-5E955C2F54F6}"
EndProject
Project("{FAE04EC0-301F-11D3-BF4B-00C04F79EFBC}") = "4.8", "4.8\4.8.csproj", "{8E6BCEBC-2F57-43CD-BAFC-5B39B09FDC2A}"
EndProject
Project("{FAE04EC0-301F-11D3-BF4B-00C04F79EFBC}") = "4.9", "4.9\4.9.csproj", "{876CFDD9-A2D1-40B6-B989-C610A5C0F99F}"
EndProject
Project("{FAE04EC0-301F-11D3-BF4B-00C04F79EFBC}") = "4.10", "4.10\4.10.csproj", "{A765C4C2-D331-4C7D-8E21-7019F1FB096E}"
EndProject
Project("{FAE04EC0-301F-11D3-BF4B-00C04F79EFBC}") = "4.11", "4.11\4.11.csproj", "{C4E45B2D-03FB-405F-A794-33D138C22B6B}"
EndProject
Project("{FAE04EC0-301F-11D3-BF4B-00C04F79EFBC}") = "4.12", "4.12\4.12.csproj", "{16F49A15-28F2-4DD8-A177-33F445DE2A43}"
EndProject
Project("{FAE04EC0-301F-11D3-BF4B-00C04F79EFBC}") = "4.13", "4.13\4.13.csproj", "{D7B2166F-DDFE-41ED-9151-AC7261DC9A25}"
EndProject
Project("{FAE04EC0-301F-11D3-BF4B-00C04F79EFBC}") = "4.14", "4.14\4.14.csproj", "{D2AF1640-E35A-4C5F-9446-DA16D3611A31}"
EndProject
Project("{FAE04EC0-301F-11D3-BF4B-00C04F79EFBC}") = "4.15", "4.15\4.15.csproj", "{E471A289-C89A-41E9-B5F3-F3569E307AD1}"
EndProject
Project("{FAE04EC0-301F-11D3-BF4B-00C04F79EFBC}") = "5.1", "5.1\5.1.csproj", "{F7774EC0-0936-48BF-969F-4B65DA47ED6B}"
EndProject
Project("{FAE04EC0-301F-11D3-BF4B-00C04F79EFBC}") = "5.2", "5.2\5.2.csproj", "{3D4AB27F-94D9-4112-A89F-0E005A0C21F1}"
EndProject
Project("{FAE04EC0-301F-11D3-BF4B-00C04F79EFBC}") = "5.3", "5.3\5.3.csproj", "{1945F9D2-FDED-447E-8C30-36E6A83FE57F}"
EndProject
Project("{FAE04EC0-301F-11D3-BF4B-00C04F79EFBC}") = "5.4", "5.4\5.4.csproj", "{9E226E47-D2ED-4D11-AF6F-307717A6C4B5}"
EndProject
Project("{FAE04EC0-301F-11D3-BF4B-00C04F79EFBC}") = "5.5", "5.5\5.5.csproj", "{F26FE9B5-0FFB-4637-A1B7-17DFC4F64D01}"
EndProject
Project("{FAE04EC0-301F-11D3-BF4B-00C04F79EFBC}") = "5.6", "5.6\5.6.csproj", "{0B4F4294-390C-4E72-A583-DD932E009CDE}"
EndProject
Project("{FAE04EC0-301F-11D3-BF4B-00C04F79EFBC}") = "5.7", "5.7\5.7.csproj", "{41371C0E-8F8C-40BF-8F44-FD164D524EEB}"
EndProject
Project("{FAE04EC0-301F-11D3-BF4B-00C04F79EFBC}") = "5.8", "5.8\5.8.csproj", "{86D3ABD7-93D2-4105-92E5-8ABDC8055E88}"
EndProject
Project("{FAE04EC0-301F-11D3-BF4B-00C04F79EFBC}") = "5.9", "5.9\5.9.csproj", "{BE435334-F9CB-4591-9275-671F6D66225F}"
EndProject
Project("{FAE04EC0-301F-11D3-BF4B-00C04F79EFBC}") = "5.10", "5.10\5.10.csproj", "{0769FA6C-392C-4969-BA3B-6702D47BD3B6}"
EndProject
Project("{FAE04EC0-301F-11D3-BF4B-00C04F79EFBC}") = "6.1", "6.1\6.1.csproj", "{4C0A7B4C-4498-474B-9FC4-F8BCBB905627}"
EndProject
Project("{FAE04EC0-301F-11D3-BF4B-00C04F79EFBC}") = "6.2", "6.2\6.2.csproj", "{1E55AEF4-8C86-4B5E-965D-0733E6ECCDBB}"
EndProject
Project("{FAE04EC0-301F-11D3-BF4B-00C04F79EFBC}") = "6.4", "6.4\6.4.csproj", "{6059A277-FAE7-44C0-93B3-358DC819B6BA}"
EndProject
Project("{FAE04EC0-301F-11D3-BF4B-00C04F79EFBC}") = "6.5", "6.5\6.5.csproj", "{E19A8429-B6C0-488F-AA3B-EB0B5537B309}"
EndProject
Project("{FAE04EC0-301F-11D3-BF4B-00C04F79EFBC}") = "6.8", "6.8\6.8.csproj", "{AD47A0A8-D795-4871-BC6E-A1FD75F4D10F}"
EndProject
Project("{FAE04EC0-301F-11D3-BF4B-00C04F79EFBC}") = "6.9", "6.9\6.9.csproj", "{65600D90-CB23-4D70-9EB7-D32E19DCC79E}"
EndProject
Project("{FAE04EC0-301F-11D3-BF4B-00C04F79EFBC}") = "6.10", "6.10\6.10.csproj", "{DEA98678-8629-49E9-B2AF-B709955D31B5}"
EndProject
Project("{FAE04EC0-301F-11D3-BF4B-00C04F79EFBC}") = "6.11", "6.11\6.11.csproj", "{868E1DD8-9FE3-47A5-99E0-5AD2E6826325}"
EndProject
Global
	GlobalSection(SolutionConfigurationPlatforms) = preSolution
		Debug|Any CPU = Debug|Any CPU
		Release|Any CPU = Release|Any CPU
	EndGlobalSection
	GlobalSection(ProjectConfigurationPlatforms) = postSolution
		{FC9B3C94-7230-411A-AE77-53846D92482E}.Debug|Any CPU.ActiveCfg = Debug|Any CPU
		{FC9B3C94-7230-411A-AE77-53846D92482E}.Debug|Any CPU.Build.0 = Debug|Any CPU
		{FC9B3C94-7230-411A-AE77-53846D92482E}.Release|Any CPU.ActiveCfg = Release|Any CPU
		{FC9B3C94-7230-411A-AE77-53846D92482E}.Release|Any CPU.Build.0 = Release|Any CPU
		{8D13E7AA-3BA1-4A8D-863D-51BEFCE53CA9}.Debug|Any CPU.ActiveCfg = Debug|Any CPU
		{8D13E7AA-3BA1-4A8D-863D-51BEFCE53CA9}.Debug|Any CPU.Build.0 = Debug|Any CPU
		{8D13E7AA-3BA1-4A8D-863D-51BEFCE53CA9}.Release|Any CPU.ActiveCfg = Release|Any CPU
		{8D13E7AA-3BA1-4A8D-863D-51BEFCE53CA9}.Release|Any CPU.Build.0 = Release|Any CPU
		{BCB3CE21-F167-4CE3-9C9B-3E6BA787F66F}.Debug|Any CPU.ActiveCfg = Debug|Any CPU
		{BCB3CE21-F167-4CE3-9C9B-3E6BA787F66F}.Debug|Any CPU.Build.0 = Debug|Any CPU
		{BCB3CE21-F167-4CE3-9C9B-3E6BA787F66F}.Release|Any CPU.ActiveCfg = Release|Any CPU
		{BCB3CE21-F167-4CE3-9C9B-3E6BA787F66F}.Release|Any CPU.Build.0 = Release|Any CPU
		{5BAC9A1B-6144-4919-B77D-BE106F1CB4D9}.Debug|Any CPU.ActiveCfg = Debug|Any CPU
		{5BAC9A1B-6144-4919-B77D-BE106F1CB4D9}.Debug|Any CPU.Build.0 = Debug|Any CPU
		{5BAC9A1B-6144-4919-B77D-BE106F1CB4D9}.Release|Any CPU.ActiveCfg = Release|Any CPU
		{5BAC9A1B-6144-4919-B77D-BE106F1CB4D9}.Release|Any CPU.Build.0 = Release|Any CPU
		{DEBA744B-9269-4250-8971-753092272C6D}.Debug|Any CPU.ActiveCfg = Debug|Any CPU
		{DEBA744B-9269-4250-8971-753092272C6D}.Debug|Any CPU.Build.0 = Debug|Any CPU
		{DEBA744B-9269-4250-8971-753092272C6D}.Release|Any CPU.ActiveCfg = Release|Any CPU
		{DEBA744B-9269-4250-8971-753092272C6D}.Release|Any CPU.Build.0 = Release|Any CPU
		{2C9F717E-2879-41E5-A997-4F53D33D5341}.Debug|Any CPU.ActiveCfg = Debug|Any CPU
		{2C9F717E-2879-41E5-A997-4F53D33D5341}.Debug|Any CPU.Build.0 = Debug|Any CPU
		{2C9F717E-2879-41E5-A997-4F53D33D5341}.Release|Any CPU.ActiveCfg = Release|Any CPU
		{2C9F717E-2879-41E5-A997-4F53D33D5341}.Release|Any CPU.Build.0 = Release|Any CPU
		{5A6BD4B7-524F-4D56-943C-1C596AD74787}.Debug|Any CPU.ActiveCfg = Debug|Any CPU
		{5A6BD4B7-524F-4D56-943C-1C596AD74787}.Debug|Any CPU.Build.0 = Debug|Any CPU
		{5A6BD4B7-524F-4D56-943C-1C596AD74787}.Release|Any CPU.ActiveCfg = Release|Any CPU
		{5A6BD4B7-524F-4D56-943C-1C596AD74787}.Release|Any CPU.Build.0 = Release|Any CPU
		{4A25B3C5-73FC-4D53-A849-5BC1061A1D8C}.Debug|Any CPU.ActiveCfg = Debug|Any CPU
		{4A25B3C5-73FC-4D53-A849-5BC1061A1D8C}.Debug|Any CPU.Build.0 = Debug|Any CPU
		{4A25B3C5-73FC-4D53-A849-5BC1061A1D8C}.Release|Any CPU.ActiveCfg = Release|Any CPU
		{4A25B3C5-73FC-4D53-A849-5BC1061A1D8C}.Release|Any CPU.Build.0 = Release|Any CPU
		{EA56073C-F481-4706-91F5-496F4CCED575}.Debug|Any CPU.ActiveCfg = Debug|Any CPU
		{EA56073C-F481-4706-91F5-496F4CCED575}.Debug|Any CPU.Build.0 = Debug|Any CPU
		{EA56073C-F481-4706-91F5-496F4CCED575}.Release|Any CPU.ActiveCfg = Release|Any CPU
		{EA56073C-F481-4706-91F5-496F4CCED575}.Release|Any CPU.Build.0 = Release|Any CPU
		{BF46F384-27F7-4D5E-8721-B968726837F3}.Debug|Any CPU.ActiveCfg = Debug|Any CPU
		{BF46F384-27F7-4D5E-8721-B968726837F3}.Debug|Any CPU.Build.0 = Debug|Any CPU
		{BF46F384-27F7-4D5E-8721-B968726837F3}.Release|Any CPU.ActiveCfg = Release|Any CPU
		{BF46F384-27F7-4D5E-8721-B968726837F3}.Release|Any CPU.Build.0 = Release|Any CPU
		{757B0931-FC6F-46A9-86DB-3D82E9B50DB6}.Debug|Any CPU.ActiveCfg = Debug|Any CPU
		{757B0931-FC6F-46A9-86DB-3D82E9B50DB6}.Debug|Any CPU.Build.0 = Debug|Any CPU
		{757B0931-FC6F-46A9-86DB-3D82E9B50DB6}.Release|Any CPU.ActiveCfg = Release|Any CPU
		{757B0931-FC6F-46A9-86DB-3D82E9B50DB6}.Release|Any CPU.Build.0 = Release|Any CPU
		{DF1E71D1-0809-4701-B3EC-4EF7BADA250A}.Debug|Any CPU.ActiveCfg = Debug|Any CPU
		{DF1E71D1-0809-4701-B3EC-4EF7BADA250A}.Debug|Any CPU.Build.0 = Debug|Any CPU
		{DF1E71D1-0809-4701-B3EC-4EF7BADA250A}.Release|Any CPU.ActiveCfg = Release|Any CPU
		{DF1E71D1-0809-4701-B3EC-4EF7BADA250A}.Release|Any CPU.Build.0 = Release|Any CPU
		{A86E59C1-3721-4446-AEBA-F3F805787D8A}.Debug|Any CPU.ActiveCfg = Debug|Any CPU
		{A86E59C1-3721-4446-AEBA-F3F805787D8A}.Debug|Any CPU.Build.0 = Debug|Any CPU
		{A86E59C1-3721-4446-AEBA-F3F805787D8A}.Release|Any CPU.ActiveCfg = Release|Any CPU
		{A86E59C1-3721-4446-AEBA-F3F805787D8A}.Release|Any CPU.Build.0 = Release|Any CPU
		{1B4A226F-DDF4-4A63-913A-3240070AA2F5}.Debug|Any CPU.ActiveCfg = Debug|Any CPU
		{1B4A226F-DDF4-4A63-913A-3240070AA2F5}.Debug|Any CPU.Build.0 = Debug|Any CPU
		{1B4A226F-DDF4-4A63-913A-3240070AA2F5}.Release|Any CPU.ActiveCfg = Release|Any CPU
		{1B4A226F-DDF4-4A63-913A-3240070AA2F5}.Release|Any CPU.Build.0 = Release|Any CPU
		{0547C920-A120-458E-B43F-5F85D17F6926}.Debug|Any CPU.ActiveCfg = Debug|Any CPU
		{0547C920-A120-458E-B43F-5F85D17F6926}.Debug|Any CPU.Build.0 = Debug|Any CPU
		{0547C920-A120-458E-B43F-5F85D17F6926}.Release|Any CPU.ActiveCfg = Release|Any CPU
		{0547C920-A120-458E-B43F-5F85D17F6926}.Release|Any CPU.Build.0 = Release|Any CPU
		{98AB2E02-0615-4EC5-870F-51384029933E}.Debug|Any CPU.ActiveCfg = Debug|Any CPU
		{98AB2E02-0615-4EC5-870F-51384029933E}.Debug|Any CPU.Build.0 = Debug|Any CPU
		{98AB2E02-0615-4EC5-870F-51384029933E}.Release|Any CPU.ActiveCfg = Release|Any CPU
		{98AB2E02-0615-4EC5-870F-51384029933E}.Release|Any CPU.Build.0 = Release|Any CPU
		{9C79E577-AB19-4804-AAF9-36C50A1BBE66}.Debug|Any CPU.ActiveCfg = Debug|Any CPU
		{9C79E577-AB19-4804-AAF9-36C50A1BBE66}.Debug|Any CPU.Build.0 = Debug|Any CPU
		{9C79E577-AB19-4804-AAF9-36C50A1BBE66}.Release|Any CPU.ActiveCfg = Release|Any CPU
		{9C79E577-AB19-4804-AAF9-36C50A1BBE66}.Release|Any CPU.Build.0 = Release|Any CPU
		{54878EA8-6ECB-47EB-AD14-06E3213BDDE7}.Debug|Any CPU.ActiveCfg = Debug|Any CPU
		{54878EA8-6ECB-47EB-AD14-06E3213BDDE7}.Debug|Any CPU.Build.0 = Debug|Any CPU
		{54878EA8-6ECB-47EB-AD14-06E3213BDDE7}.Release|Any CPU.ActiveCfg = Release|Any CPU
		{54878EA8-6ECB-47EB-AD14-06E3213BDDE7}.Release|Any CPU.Build.0 = Release|Any CPU
		{0B5573CD-8A19-4938-B442-FFAB25280BBC}.Debug|Any CPU.ActiveCfg = Debug|Any CPU
		{0B5573CD-8A19-4938-B442-FFAB25280BBC}.Debug|Any CPU.Build.0 = Debug|Any CPU
		{0B5573CD-8A19-4938-B442-FFAB25280BBC}.Release|Any CPU.ActiveCfg = Release|Any CPU
		{0B5573CD-8A19-4938-B442-FFAB25280BBC}.Release|Any CPU.Build.0 = Release|Any CPU
		{A5817FB5-2BC4-40D5-9943-77EBCA28BC42}.Debug|Any CPU.ActiveCfg = Debug|Any CPU
		{A5817FB5-2BC4-40D5-9943-77EBCA28BC42}.Debug|Any CPU.Build.0 = Debug|Any CPU
		{A5817FB5-2BC4-40D5-9943-77EBCA28BC42}.Release|Any CPU.ActiveCfg = Release|Any CPU
		{A5817FB5-2BC4-40D5-9943-77EBCA28BC42}.Release|Any CPU.Build.0 = Release|Any CPU
		{5650A98A-7DF3-4E62-9AB3-6FD0029932F2}.Debug|Any CPU.ActiveCfg = Debug|Any CPU
		{5650A98A-7DF3-4E62-9AB3-6FD0029932F2}.Debug|Any CPU.Build.0 = Debug|Any CPU
		{5650A98A-7DF3-4E62-9AB3-6FD0029932F2}.Release|Any CPU.ActiveCfg = Release|Any CPU
		{5650A98A-7DF3-4E62-9AB3-6FD0029932F2}.Release|Any CPU.Build.0 = Release|Any CPU
		{050788C4-8F50-44BC-A84F-AA2FEA3C4C10}.Debug|Any CPU.ActiveCfg = Debug|Any CPU
		{050788C4-8F50-44BC-A84F-AA2FEA3C4C10}.Debug|Any CPU.Build.0 = Debug|Any CPU
		{050788C4-8F50-44BC-A84F-AA2FEA3C4C10}.Release|Any CPU.ActiveCfg = Release|Any CPU
		{050788C4-8F50-44BC-A84F-AA2FEA3C4C10}.Release|Any CPU.Build.0 = Release|Any CPU
		{0877471D-E383-431B-9487-6785C1A07307}.Debug|Any CPU.ActiveCfg = Debug|Any CPU
		{0877471D-E383-431B-9487-6785C1A07307}.Debug|Any CPU.Build.0 = Debug|Any CPU
		{0877471D-E383-431B-9487-6785C1A07307}.Release|Any CPU.ActiveCfg = Release|Any CPU
		{0877471D-E383-431B-9487-6785C1A07307}.Release|Any CPU.Build.0 = Release|Any CPU
		{16F5007C-7A6C-4724-96BD-37E4C870F8D3}.Debug|Any CPU.ActiveCfg = Debug|Any CPU
		{16F5007C-7A6C-4724-96BD-37E4C870F8D3}.Debug|Any CPU.Build.0 = Debug|Any CPU
		{16F5007C-7A6C-4724-96BD-37E4C870F8D3}.Release|Any CPU.ActiveCfg = Release|Any CPU
		{16F5007C-7A6C-4724-96BD-37E4C870F8D3}.Release|Any CPU.Build.0 = Release|Any CPU
		{84FE7F3D-C8EC-48C4-A05A-36D93294D255}.Debug|Any CPU.ActiveCfg = Debug|Any CPU
		{84FE7F3D-C8EC-48C4-A05A-36D93294D255}.Debug|Any CPU.Build.0 = Debug|Any CPU
		{84FE7F3D-C8EC-48C4-A05A-36D93294D255}.Release|Any CPU.ActiveCfg = Release|Any CPU
		{84FE7F3D-C8EC-48C4-A05A-36D93294D255}.Release|Any CPU.Build.0 = Release|Any CPU
		{477A1533-C963-4AC7-A52A-CC7BA1DF9F35}.Debug|Any CPU.ActiveCfg = Debug|Any CPU
		{477A1533-C963-4AC7-A52A-CC7BA1DF9F35}.Debug|Any CPU.Build.0 = Debug|Any CPU
		{477A1533-C963-4AC7-A52A-CC7BA1DF9F35}.Release|Any CPU.ActiveCfg = Release|Any CPU
		{477A1533-C963-4AC7-A52A-CC7BA1DF9F35}.Release|Any CPU.Build.0 = Release|Any CPU
		{D9D948CF-2117-4C27-B9A5-E09A842F7A3A}.Debug|Any CPU.ActiveCfg = Debug|Any CPU
		{D9D948CF-2117-4C27-B9A5-E09A842F7A3A}.Debug|Any CPU.Build.0 = Debug|Any CPU
		{D9D948CF-2117-4C27-B9A5-E09A842F7A3A}.Release|Any CPU.ActiveCfg = Release|Any CPU
		{D9D948CF-2117-4C27-B9A5-E09A842F7A3A}.Release|Any CPU.Build.0 = Release|Any CPU
		{39D8DC83-83EB-43C7-8D2F-74D4F8C8781D}.Debug|Any CPU.ActiveCfg = Debug|Any CPU
		{39D8DC83-83EB-43C7-8D2F-74D4F8C8781D}.Debug|Any CPU.Build.0 = Debug|Any CPU
		{39D8DC83-83EB-43C7-8D2F-74D4F8C8781D}.Release|Any CPU.ActiveCfg = Release|Any CPU
		{39D8DC83-83EB-43C7-8D2F-74D4F8C8781D}.Release|Any CPU.Build.0 = Release|Any CPU
		{6E24E767-B47B-4970-A536-CC8A55E75B8A}.Debug|Any CPU.ActiveCfg = Debug|Any CPU
		{6E24E767-B47B-4970-A536-CC8A55E75B8A}.Debug|Any CPU.Build.0 = Debug|Any CPU
		{6E24E767-B47B-4970-A536-CC8A55E75B8A}.Release|Any CPU.ActiveCfg = Release|Any CPU
		{6E24E767-B47B-4970-A536-CC8A55E75B8A}.Release|Any CPU.Build.0 = Release|Any CPU
		{14C71012-3C83-465F-B87F-C0AF44ACEF45}.Debug|Any CPU.ActiveCfg = Debug|Any CPU
		{14C71012-3C83-465F-B87F-C0AF44ACEF45}.Debug|Any CPU.Build.0 = Debug|Any CPU
		{14C71012-3C83-465F-B87F-C0AF44ACEF45}.Release|Any CPU.ActiveCfg = Release|Any CPU
		{14C71012-3C83-465F-B87F-C0AF44ACEF45}.Release|Any CPU.Build.0 = Release|Any CPU
		{23EAB38C-2893-43B2-B08E-5E955C2F54F6}.Debug|Any CPU.ActiveCfg = Debug|Any CPU
		{23EAB38C-2893-43B2-B08E-5E955C2F54F6}.Debug|Any CPU.Build.0 = Debug|Any CPU
		{23EAB38C-2893-43B2-B08E-5E955C2F54F6}.Release|Any CPU.ActiveCfg = Release|Any CPU
		{23EAB38C-2893-43B2-B08E-5E955C2F54F6}.Release|Any CPU.Build.0 = Release|Any CPU
		{8E6BCEBC-2F57-43CD-BAFC-5B39B09FDC2A}.Debug|Any CPU.ActiveCfg = Debug|Any CPU
		{8E6BCEBC-2F57-43CD-BAFC-5B39B09FDC2A}.Debug|Any CPU.Build.0 = Debug|Any CPU
		{8E6BCEBC-2F57-43CD-BAFC-5B39B09FDC2A}.Release|Any CPU.ActiveCfg = Release|Any CPU
		{8E6BCEBC-2F57-43CD-BAFC-5B39B09FDC2A}.Release|Any CPU.Build.0 = Release|Any CPU
		{876CFDD9-A2D1-40B6-B989-C610A5C0F99F}.Debug|Any CPU.ActiveCfg = Debug|Any CPU
		{876CFDD9-A2D1-40B6-B989-C610A5C0F99F}.Debug|Any CPU.Build.0 = Debug|Any CPU
		{876CFDD9-A2D1-40B6-B989-C610A5C0F99F}.Release|Any CPU.ActiveCfg = Release|Any CPU
		{876CFDD9-A2D1-40B6-B989-C610A5C0F99F}.Release|Any CPU.Build.0 = Release|Any CPU
		{A765C4C2-D331-4C7D-8E21-7019F1FB096E}.Debug|Any CPU.ActiveCfg = Debug|Any CPU
		{A765C4C2-D331-4C7D-8E21-7019F1FB096E}.Debug|Any CPU.Build.0 = Debug|Any CPU
		{A765C4C2-D331-4C7D-8E21-7019F1FB096E}.Release|Any CPU.ActiveCfg = Release|Any CPU
		{A765C4C2-D331-4C7D-8E21-7019F1FB096E}.Release|Any CPU.Build.0 = Release|Any CPU
		{C4E45B2D-03FB-405F-A794-33D138C22B6B}.Debug|Any CPU.ActiveCfg = Debug|Any CPU
		{C4E45B2D-03FB-405F-A794-33D138C22B6B}.Debug|Any CPU.Build.0 = Debug|Any CPU
		{C4E45B2D-03FB-405F-A794-33D138C22B6B}.Release|Any CPU.ActiveCfg = Release|Any CPU
		{C4E45B2D-03FB-405F-A794-33D138C22B6B}.Release|Any CPU.Build.0 = Release|Any CPU
		{16F49A15-28F2-4DD8-A177-33F445DE2A43}.Debug|Any CPU.ActiveCfg = Debug|Any CPU
		{16F49A15-28F2-4DD8-A177-33F445DE2A43}.Debug|Any CPU.Build.0 = Debug|Any CPU
		{16F49A15-28F2-4DD8-A177-33F445DE2A43}.Release|Any CPU.ActiveCfg = Release|Any CPU
		{16F49A15-28F2-4DD8-A177-33F445DE2A43}.Release|Any CPU.Build.0 = Release|Any CPU
		{D7B2166F-DDFE-41ED-9151-AC7261DC9A25}.Debug|Any CPU.ActiveCfg = Debug|Any CPU
		{D7B2166F-DDFE-41ED-9151-AC7261DC9A25}.Debug|Any CPU.Build.0 = Debug|Any CPU
		{D7B2166F-DDFE-41ED-9151-AC7261DC9A25}.Release|Any CPU.ActiveCfg = Release|Any CPU
		{D7B2166F-DDFE-41ED-9151-AC7261DC9A25}.Release|Any CPU.Build.0 = Release|Any CPU
		{D2AF1640-E35A-4C5F-9446-DA16D3611A31}.Debug|Any CPU.ActiveCfg = Debug|Any CPU
		{D2AF1640-E35A-4C5F-9446-DA16D3611A31}.Debug|Any CPU.Build.0 = Debug|Any CPU
		{D2AF1640-E35A-4C5F-9446-DA16D3611A31}.Release|Any CPU.ActiveCfg = Release|Any CPU
		{D2AF1640-E35A-4C5F-9446-DA16D3611A31}.Release|Any CPU.Build.0 = Release|Any CPU
		{E471A289-C89A-41E9-B5F3-F3569E307AD1}.Debug|Any CPU.ActiveCfg = Debug|Any CPU
		{E471A289-C89A-41E9-B5F3-F3569E307AD1}.Debug|Any CPU.Build.0 = Debug|Any CPU
		{E471A289-C89A-41E9-B5F3-F3569E307AD1}.Release|Any CPU.ActiveCfg = Release|Any CPU
		{E471A289-C89A-41E9-B5F3-F3569E307AD1}.Release|Any CPU.Build.0 = Release|Any CPU
		{F7774EC0-0936-48BF-969F-4B65DA47ED6B}.Debug|Any CPU.ActiveCfg = Debug|Any CPU
		{F7774EC0-0936-48BF-969F-4B65DA47ED6B}.Debug|Any CPU.Build.0 = Debug|Any CPU
		{F7774EC0-0936-48BF-969F-4B65DA47ED6B}.Release|Any CPU.ActiveCfg = Release|Any CPU
		{F7774EC0-0936-48BF-969F-4B65DA47ED6B}.Release|Any CPU.Build.0 = Release|Any CPU
		{3D4AB27F-94D9-4112-A89F-0E005A0C21F1}.Debug|Any CPU.ActiveCfg = Debug|Any CPU
		{3D4AB27F-94D9-4112-A89F-0E005A0C21F1}.Debug|Any CPU.Build.0 = Debug|Any CPU
		{3D4AB27F-94D9-4112-A89F-0E005A0C21F1}.Release|Any CPU.ActiveCfg = Release|Any CPU
		{3D4AB27F-94D9-4112-A89F-0E005A0C21F1}.Release|Any CPU.Build.0 = Release|Any CPU
		{1945F9D2-FDED-447E-8C30-36E6A83FE57F}.Debug|Any CPU.ActiveCfg = Debug|Any CPU
		{1945F9D2-FDED-447E-8C30-36E6A83FE57F}.Debug|Any CPU.Build.0 = Debug|Any CPU
		{1945F9D2-FDED-447E-8C30-36E6A83FE57F}.Release|Any CPU.ActiveCfg = Release|Any CPU
		{1945F9D2-FDED-447E-8C30-36E6A83FE57F}.Release|Any CPU.Build.0 = Release|Any CPU
		{9E226E47-D2ED-4D11-AF6F-307717A6C4B5}.Debug|Any CPU.ActiveCfg = Debug|Any CPU
		{9E226E47-D2ED-4D11-AF6F-307717A6C4B5}.Debug|Any CPU.Build.0 = Debug|Any CPU
		{9E226E47-D2ED-4D11-AF6F-307717A6C4B5}.Release|Any CPU.ActiveCfg = Release|Any CPU
		{9E226E47-D2ED-4D11-AF6F-307717A6C4B5}.Release|Any CPU.Build.0 = Release|Any CPU
		{F26FE9B5-0FFB-4637-A1B7-17DFC4F64D01}.Debug|Any CPU.ActiveCfg = Debug|Any CPU
		{F26FE9B5-0FFB-4637-A1B7-17DFC4F64D01}.Debug|Any CPU.Build.0 = Debug|Any CPU
		{F26FE9B5-0FFB-4637-A1B7-17DFC4F64D01}.Release|Any CPU.ActiveCfg = Release|Any CPU
		{F26FE9B5-0FFB-4637-A1B7-17DFC4F64D01}.Release|Any CPU.Build.0 = Release|Any CPU
		{0B4F4294-390C-4E72-A583-DD932E009CDE}.Debug|Any CPU.ActiveCfg = Debug|Any CPU
		{0B4F4294-390C-4E72-A583-DD932E009CDE}.Debug|Any CPU.Build.0 = Debug|Any CPU
		{0B4F4294-390C-4E72-A583-DD932E009CDE}.Release|Any CPU.ActiveCfg = Release|Any CPU
		{0B4F4294-390C-4E72-A583-DD932E009CDE}.Release|Any CPU.Build.0 = Release|Any CPU
		{41371C0E-8F8C-40BF-8F44-FD164D524EEB}.Debug|Any CPU.ActiveCfg = Debug|Any CPU
		{41371C0E-8F8C-40BF-8F44-FD164D524EEB}.Debug|Any CPU.Build.0 = Debug|Any CPU
		{41371C0E-8F8C-40BF-8F44-FD164D524EEB}.Release|Any CPU.ActiveCfg = Release|Any CPU
		{41371C0E-8F8C-40BF-8F44-FD164D524EEB}.Release|Any CPU.Build.0 = Release|Any CPU
		{86D3ABD7-93D2-4105-92E5-8ABDC8055E88}.Debug|Any CPU.ActiveCfg = Debug|Any CPU
		{86D3ABD7-93D2-4105-92E5-8ABDC8055E88}.Debug|Any CPU.Build.0 = Debug|Any CPU
		{86D3ABD7-93D2-4105-92E5-8ABDC8055E88}.Release|Any CPU.ActiveCfg = Release|Any CPU
		{86D3ABD7-93D2-4105-92E5-8ABDC8055E88}.Release|Any CPU.Build.0 = Release|Any CPU
		{BE435334-F9CB-4591-9275-671F6D66225F}.Debug|Any CPU.ActiveCfg = Debug|Any CPU
		{BE435334-F9CB-4591-9275-671F6D66225F}.Debug|Any CPU.Build.0 = Debug|Any CPU
		{BE435334-F9CB-4591-9275-671F6D66225F}.Release|Any CPU.ActiveCfg = Release|Any CPU
		{BE435334-F9CB-4591-9275-671F6D66225F}.Release|Any CPU.Build.0 = Release|Any CPU
		{0769FA6C-392C-4969-BA3B-6702D47BD3B6}.Debug|Any CPU.ActiveCfg = Debug|Any CPU
		{0769FA6C-392C-4969-BA3B-6702D47BD3B6}.Debug|Any CPU.Build.0 = Debug|Any CPU
		{0769FA6C-392C-4969-BA3B-6702D47BD3B6}.Release|Any CPU.ActiveCfg = Release|Any CPU
		{0769FA6C-392C-4969-BA3B-6702D47BD3B6}.Release|Any CPU.Build.0 = Release|Any CPU
		{4C0A7B4C-4498-474B-9FC4-F8BCBB905627}.Debug|Any CPU.ActiveCfg = Debug|Any CPU
		{4C0A7B4C-4498-474B-9FC4-F8BCBB905627}.Debug|Any CPU.Build.0 = Debug|Any CPU
		{4C0A7B4C-4498-474B-9FC4-F8BCBB905627}.Release|Any CPU.ActiveCfg = Release|Any CPU
		{4C0A7B4C-4498-474B-9FC4-F8BCBB905627}.Release|Any CPU.Build.0 = Release|Any CPU
		{1E55AEF4-8C86-4B5E-965D-0733E6ECCDBB}.Debug|Any CPU.ActiveCfg = Debug|Any CPU
		{1E55AEF4-8C86-4B5E-965D-0733E6ECCDBB}.Debug|Any CPU.Build.0 = Debug|Any CPU
		{1E55AEF4-8C86-4B5E-965D-0733E6ECCDBB}.Release|Any CPU.ActiveCfg = Release|Any CPU
		{1E55AEF4-8C86-4B5E-965D-0733E6ECCDBB}.Release|Any CPU.Build.0 = Release|Any CPU
		{6059A277-FAE7-44C0-93B3-358DC819B6BA}.Debug|Any CPU.ActiveCfg = Debug|Any CPU
		{6059A277-FAE7-44C0-93B3-358DC819B6BA}.Debug|Any CPU.Build.0 = Debug|Any CPU
		{6059A277-FAE7-44C0-93B3-358DC819B6BA}.Release|Any CPU.ActiveCfg = Release|Any CPU
		{6059A277-FAE7-44C0-93B3-358DC819B6BA}.Release|Any CPU.Build.0 = Release|Any CPU
		{E19A8429-B6C0-488F-AA3B-EB0B5537B309}.Debug|Any CPU.ActiveCfg = Debug|Any CPU
		{E19A8429-B6C0-488F-AA3B-EB0B5537B309}.Debug|Any CPU.Build.0 = Debug|Any CPU
		{E19A8429-B6C0-488F-AA3B-EB0B5537B309}.Release|Any CPU.ActiveCfg = Release|Any CPU
		{E19A8429-B6C0-488F-AA3B-EB0B5537B309}.Release|Any CPU.Build.0 = Release|Any CPU
		{AD47A0A8-D795-4871-BC6E-A1FD75F4D10F}.Debug|Any CPU.ActiveCfg = Debug|Any CPU
		{AD47A0A8-D795-4871-BC6E-A1FD75F4D10F}.Debug|Any CPU.Build.0 = Debug|Any CPU
		{AD47A0A8-D795-4871-BC6E-A1FD75F4D10F}.Release|Any CPU.ActiveCfg = Release|Any CPU
		{AD47A0A8-D795-4871-BC6E-A1FD75F4D10F}.Release|Any CPU.Build.0 = Release|Any CPU
		{65600D90-CB23-4D70-9EB7-D32E19DCC79E}.Debug|Any CPU.ActiveCfg = Debug|Any CPU
		{65600D90-CB23-4D70-9EB7-D32E19DCC79E}.Debug|Any CPU.Build.0 = Debug|Any CPU
		{65600D90-CB23-4D70-9EB7-D32E19DCC79E}.Release|Any CPU.ActiveCfg = Release|Any CPU
		{65600D90-CB23-4D70-9EB7-D32E19DCC79E}.Release|Any CPU.Build.0 = Release|Any CPU
		{DEA98678-8629-49E9-B2AF-B709955D31B5}.Debug|Any CPU.ActiveCfg = Debug|Any CPU
		{DEA98678-8629-49E9-B2AF-B709955D31B5}.Debug|Any CPU.Build.0 = Debug|Any CPU
		{DEA98678-8629-49E9-B2AF-B709955D31B5}.Release|Any CPU.ActiveCfg = Release|Any CPU
		{DEA98678-8629-49E9-B2AF-B709955D31B5}.Release|Any CPU.Build.0 = Release|Any CPU
		{868E1DD8-9FE3-47A5-99E0-5AD2E6826325}.Debug|Any CPU.ActiveCfg = Debug|Any CPU
		{868E1DD8-9FE3-47A5-99E0-5AD2E6826325}.Debug|Any CPU.Build.0 = Debug|Any CPU
		{868E1DD8-9FE3-47A5-99E0-5AD2E6826325}.Release|Any CPU.ActiveCfg = Release|Any CPU
		{868E1DD8-9FE3-47A5-99E0-5AD2E6826325}.Release|Any CPU.Build.0 = Release|Any CPU
	EndGlobalSection
	GlobalSection(SolutionProperties) = preSolution
		HideSolutionNode = FALSE
	EndGlobalSection
	GlobalSection(ExtensibilityGlobals) = postSolution
		SolutionGuid = {83D158E8-81DC-4FD9-AE64-4224590A094B}
	EndGlobalSection
EndGlobal
